
Microsoft Visual Studio Solution File, Format Version 12.00
# Visual Studio Version 17
VisualStudioVersion = 17.4.33213.308
MinimumVisualStudioVersion = 10.0.40219.1
Project("{FAE04EC0-301F-11D3-BF4B-00C04F79EFBC}") = "calculadoraBasica", "calculadoraBasica\calculadoraBasica.csproj", "{B39769F8-F46E-4CE8-B377-33AA24670828}"
EndProject
Global
	GlobalSection(SolutionConfigurationPlatforms) = preSolution
		Debug|Any CPU = Debug|Any CPU
		Release|Any CPU = Release|Any CPU
	EndGlobalSection
	GlobalSection(ProjectConfigurationPlatforms) = postSolution
		{B39769F8-F46E-4CE8-B377-33AA24670828}.Debug|Any CPU.ActiveCfg = Debug|Any CPU
		{B39769F8-F46E-4CE8-B377-33AA24670828}.Debug|Any CPU.Build.0 = Debug|Any CPU
		{B39769F8-F46E-4CE8-B377-33AA24670828}.Release|Any CPU.ActiveCfg = Release|Any CPU
		{B39769F8-F46E-4CE8-B377-33AA24670828}.Release|Any CPU.Build.0 = Release|Any CPU
	EndGlobalSection
	GlobalSection(SolutionProperties) = preSolution
		HideSolutionNode = FALSE
	EndGlobalSection
	GlobalSection(ExtensibilityGlobals) = postSolution
		SolutionGuid = {F8991DAA-EF19-45AC-ADD0-34E364C9D78E}
	EndGlobalSection
EndGlobal
